// !$*UTF8*$!
{
	archiveVersion = 1;
	classes = {
	};
	objectVersion = 46;
	objects = {

/* Begin PBXAggregateTarget section */
		CEF1F3161DDBB134005FE9C7 /* DENNBenchmark */ = {
			isa = PBXAggregateTarget;
			buildConfigurationList = CEF1F3181DDBB134005FE9C7 /* Build configuration list for PBXAggregateTarget "DENNBenchmark" */;
			buildPhases = (
				CEF1F3171DDBB134005FE9C7 /* Run Script */,
			);
			dependencies = (
			);
			name = DENNBenchmark;
			productName = run;
		};
		E0A7C66D1DA6A4FB005D74D0 /* DENNOpRunTestImages */ = {
			isa = PBXAggregateTarget;
			buildConfigurationList = E0A7C66E1DA6A4FB005D74D0 /* Build configuration list for PBXAggregateTarget "DENNOpRunTestImages" */;
			buildPhases = (
				E0A7C6711DA6A505005D74D0 /* Run Script */,
			);
			dependencies = (
			);
			name = DENNOpRunTestImages;
			productName = run;
		};
		E0C206981DCB2C610002A331 /* DENNOpRunTestLetter */ = {
			isa = PBXAggregateTarget;
			buildConfigurationList = E0C2069A1DCB2C610002A331 /* Build configuration list for PBXAggregateTarget "DENNOpRunTestLetter" */;
			buildPhases = (
				E0C206991DCB2C610002A331 /* Run Script */,
			);
			dependencies = (
			);
			name = DENNOpRunTestLetter;
			productName = run;
		};
		E0C206A11DCB3C800002A331 /* DENNOpRunTestIris */ = {
			isa = PBXAggregateTarget;
			buildConfigurationList = E0C206A31DCB3C800002A331 /* Build configuration list for PBXAggregateTarget "DENNOpRunTestIris" */;
			buildPhases = (
				E0C206A21DCB3C800002A331 /* Run Script */,
			);
			dependencies = (
			);
			name = DENNOpRunTestIris;
			productName = run;
		};
/* End PBXAggregateTarget section */

/* Begin PBXBuildFile section */
		E09B48D51DB763A700333E4F /* DENNOp.cpp in Sources */ = {isa = PBXBuildFile; fileRef = E0E1CCD51DA6927F009C4D35 /* DENNOp.cpp */; };
/* End PBXBuildFile section */

/* Begin PBXFileReference section */
		CEF1F3151DDBB126005FE9C7 /* benchmark.py */ = {isa = PBXFileReference; fileEncoding = 4; lastKnownFileType = text.script.python; path = benchmark.py; sourceTree = "<group>"; };
		E0344DDE1DDB2E30009F7A70 /* README.md */ = {isa = PBXFileReference; fileEncoding = 4; lastKnownFileType = net.daringfireball.markdown; path = README.md; sourceTree = "<group>"; };
		E067D9711DE248410032CC68 /* iris_L1.json */ = {isa = PBXFileReference; fileEncoding = 4; lastKnownFileType = text.json; path = iris_L1.json; sourceTree = "<group>"; };
		E067D9721DE248410032CC68 /* iris_L2.json */ = {isa = PBXFileReference; fileEncoding = 4; lastKnownFileType = text.json; path = iris_L2.json; sourceTree = "<group>"; };
		E067D9731DE248410032CC68 /* letters_L1.json */ = {isa = PBXFileReference; fileEncoding = 4; lastKnownFileType = text.json; path = letters_L1.json; sourceTree = "<group>"; };
		E067D9741DE248410032CC68 /* letters_L2.json */ = {isa = PBXFileReference; fileEncoding = 4; lastKnownFileType = text.json; path = letters_L2.json; sourceTree = "<group>"; };
		E067D9751DE248410032CC68 /* mnist_L1.json */ = {isa = PBXFileReference; fileEncoding = 4; lastKnownFileType = text.json; path = mnist_L1.json; sourceTree = "<group>"; };
		E09B48CA1DB7639C00333E4F /* libDENNFakeDylib.dylib */ = {isa = PBXFileReference; explicitFileType = "compiled.mach-o.dylib"; includeInIndex = 0; path = libDENNFakeDylib.dylib; sourceTree = BUILT_PRODUCTS_DIR; };
		E0C206961DCB2C3E0002A331 /* test_plugin_images.py */ = {isa = PBXFileReference; fileEncoding = 4; lastKnownFileType = text.script.python; path = test_plugin_images.py; sourceTree = "<group>"; };
		E0C206971DCB2C3E0002A331 /* test_plugin_letter.py */ = {isa = PBXFileReference; fileEncoding = 4; lastKnownFileType = text.script.python; path = test_plugin_letter.py; sourceTree = "<group>"; };
		E0C2069E1DCB309D0002A331 /* test_plugin_letter.out.txt */ = {isa = PBXFileReference; fileEncoding = 4; lastKnownFileType = text; path = test_plugin_letter.out.txt; sourceTree = "<group>"; };
		E0C2069F1DCB31530002A331 /* DENNOp.so */ = {isa = PBXFileReference; lastKnownFileType = "compiled.mach-o.dylib"; path = DENNOp.so; sourceTree = "<group>"; };
		E0C206A01DCB31860002A331 /* test_plugin_images.out.txt */ = {isa = PBXFileReference; fileEncoding = 4; lastKnownFileType = text; path = test_plugin_images.out.txt; sourceTree = "<group>"; };
		E0C206A61DCB3CC50002A331 /* test_plugin_iris.py */ = {isa = PBXFileReference; fileEncoding = 4; lastKnownFileType = text.script.python; path = test_plugin_iris.py; sourceTree = "<group>"; };
		E0C206A71DCB3D470002A331 /* test_plugin_iris.out.txt */ = {isa = PBXFileReference; fileEncoding = 4; lastKnownFileType = text; path = test_plugin_iris.out.txt; sourceTree = "<group>"; };
		E0E1CCB81DA68A3E009C4D35 /* makefile */ = {isa = PBXFileReference; explicitFileType = text.script.sh; fileEncoding = 4; path = makefile; sourceTree = "<group>"; };
		E0E1CCD51DA6927F009C4D35 /* DENNOp.cpp */ = {isa = PBXFileReference; lastKnownFileType = sourcecode.cpp.cpp; path = DENNOp.cpp; sourceTree = "<group>"; };
/* End PBXFileReference section */

/* Begin PBXFrameworksBuildPhase section */
		E09B48C71DB7639C00333E4F /* Frameworks */ = {
			isa = PBXFrameworksBuildPhase;
			buildActionMask = 2147483647;
			files = (
			);
			runOnlyForDeploymentPostprocessing = 0;
		};
/* End PBXFrameworksBuildPhase section */

/* Begin PBXGroup section */
		E067D9701DE2481F0032CC68 /* json_test */ = {
			isa = PBXGroup;
			children = (
				E067D9711DE248410032CC68 /* iris_L1.json */,
				E067D9721DE248410032CC68 /* iris_L2.json */,
				E067D9731DE248410032CC68 /* letters_L1.json */,
				E067D9741DE248410032CC68 /* letters_L2.json */,
				E067D9751DE248410032CC68 /* mnist_L1.json */,
			);
			name = json_test;
			sourceTree = "<group>";
		};
		E07026A81DA6836700D0D31B = {
			isa = PBXGroup;
			children = (
				E0EFDF2F1DB664CD003DF8E0 /* test */,
				E0E1CCD41DA6927F009C4D35 /* source */,
				E0E1CCD61DA6927F009C4D35 /* include */,
				E0E1CCB81DA68A3E009C4D35 /* makefile */,
				E0C2069D1DCB309D0002A331 /* logs */,
				E07026B21DA6836700D0D31B /* Products */,
				E0C2069F1DCB31530002A331 /* DENNOp.so */,
			);
			sourceTree = "<group>";
		};
		E07026B21DA6836700D0D31B /* Products */ = {
			isa = PBXGroup;
			children = (
				E09B48CA1DB7639C00333E4F /* libDENNFakeDylib.dylib */,
			);
			name = Products;
			sourceTree = "<group>";
		};
		E0C2069D1DCB309D0002A331 /* logs */ = {
			isa = PBXGroup;
			children = (
				E0C206A71DCB3D470002A331 /* test_plugin_iris.out.txt */,
				E0C206A01DCB31860002A331 /* test_plugin_images.out.txt */,
				E0C2069E1DCB309D0002A331 /* test_plugin_letter.out.txt */,
				E0344DDE1DDB2E30009F7A70 /* README.md */,
			);
			path = logs;
			sourceTree = "<group>";
		};
		E0E1CCD41DA6927F009C4D35 /* source */ = {
			isa = PBXGroup;
			children = (
				E0E1CCD51DA6927F009C4D35 /* DENNOp.cpp */,
			);
			path = source;
			sourceTree = "<group>";
		};
		E0E1CCD61DA6927F009C4D35 /* include */ = {
			isa = PBXGroup;
			children = (
			);
			path = include;
			sourceTree = "<group>";
		};
		E0EFDF2F1DB664CD003DF8E0 /* test */ = {
			isa = PBXGroup;
			children = (
				E067D9701DE2481F0032CC68 /* json_test */,
				CEF1F3151DDBB126005FE9C7 /* benchmark.py */,
				E0C206A61DCB3CC50002A331 /* test_plugin_iris.py */,
				E0C206961DCB2C3E0002A331 /* test_plugin_images.py */,
				E0C206971DCB2C3E0002A331 /* test_plugin_letter.py */,
			);
			name = test;
			sourceTree = "<group>";
		};
/* End PBXGroup section */

/* Begin PBXHeadersBuildPhase section */
		E09B48C81DB7639C00333E4F /* Headers */ = {
			isa = PBXHeadersBuildPhase;
			buildActionMask = 2147483647;
			files = (
			);
			runOnlyForDeploymentPostprocessing = 0;
		};
/* End PBXHeadersBuildPhase section */

/* Begin PBXLegacyTarget section */
		E0E1CCCD1DA68F1E009C4D35 /* DENNOp */ = {
			isa = PBXLegacyTarget;
			buildArgumentsString = "$(ACTION) PYTHON_PATH=$(HOME)/.virtualenvs/TensorFlow";
			buildConfigurationList = E0E1CCCE1DA68F1E009C4D35 /* Build configuration list for PBXLegacyTarget "DENNOp" */;
			buildPhases = (
			);
			buildToolPath = /usr/bin/make;
			buildWorkingDirectory = "$(SRCROOT)";
			dependencies = (
			);
			name = DENNOp;
			passBuildSettingsInEnvironment = 0;
			productName = master_degree_thesis_so;
		};
/* End PBXLegacyTarget section */

/* Begin PBXNativeTarget section */
		E09B48C91DB7639C00333E4F /* DENNFakeDylib */ = {
			isa = PBXNativeTarget;
			buildConfigurationList = E09B48D41DB7639C00333E4F /* Build configuration list for PBXNativeTarget "DENNFakeDylib" */;
			buildPhases = (
				E09B48C61DB7639C00333E4F /* Sources */,
				E09B48C71DB7639C00333E4F /* Frameworks */,
				E09B48C81DB7639C00333E4F /* Headers */,
			);
			buildRules = (
			);
			dependencies = (
			);
			name = DENNFakeDylib;
			productName = ChoiceFakeDylib;
			productReference = E09B48CA1DB7639C00333E4F /* libDENNFakeDylib.dylib */;
			productType = "com.apple.product-type.library.dynamic";
		};
/* End PBXNativeTarget section */

/* Begin PBXProject section */
		E07026A91DA6836700D0D31B /* Project object */ = {
			isa = PBXProject;
			attributes = {
				LastUpgradeCheck = 0800;
				ORGANIZATIONNAME = Gabriele;
				TargetAttributes = {
					E09B48C91DB7639C00333E4F = {
						CreatedOnToolsVersion = 8.0;
						ProvisioningStyle = Automatic;
					};
					E0A7C66D1DA6A4FB005D74D0 = {
						CreatedOnToolsVersion = 7.3.1;
					};
					E0E1CCCD1DA68F1E009C4D35 = {
						CreatedOnToolsVersion = 7.3.1;
					};
				};
			};
			buildConfigurationList = E07026AC1DA6836700D0D31B /* Build configuration list for PBXProject "DENNOp" */;
			compatibilityVersion = "Xcode 3.2";
			developmentRegion = English;
			hasScannedForEncodings = 0;
			knownRegions = (
				en,
			);
			mainGroup = E07026A81DA6836700D0D31B;
			productRefGroup = E07026B21DA6836700D0D31B /* Products */;
			projectDirPath = "";
			projectRoot = "";
			targets = (
				E0E1CCCD1DA68F1E009C4D35 /* DENNOp */,
				E0A7C66D1DA6A4FB005D74D0 /* DENNOpRunTestImages */,
				E0C206981DCB2C610002A331 /* DENNOpRunTestLetter */,
				E09B48C91DB7639C00333E4F /* DENNFakeDylib */,
				E0C206A11DCB3C800002A331 /* DENNOpRunTestIris */,
				CEF1F3161DDBB134005FE9C7 /* DENNBenchmark */,
			);
		};
/* End PBXProject section */

/* Begin PBXShellScriptBuildPhase section */
		CEF1F3171DDBB134005FE9C7 /* Run Script */ = {
			isa = PBXShellScriptBuildPhase;
			buildActionMask = 2147483647;
			files = (
			);
			inputPaths = (
				"$(SRCROOT)/mnist_L1.json",
			);
			name = "Run Script";
			outputPaths = (
			);
			runOnlyForDeploymentPostprocessing = 0;
			shellPath = /bin/sh;
			shellScript = "export WORKON_HOME=$HOME/.virtualenvs\nexport PROJECT_HOME=$HOME/Devel\nsource /usr/local/bin/virtualenvwrapper.sh\nworkon TensorFlow\npython benchmark.py ${SCRIPT_INPUT_FILE_0}";
		};
		E0A7C6711DA6A505005D74D0 /* Run Script */ = {
			isa = PBXShellScriptBuildPhase;
			buildActionMask = 2147483647;
			files = (
			);
			inputPaths = (
			);
			name = "Run Script";
			outputPaths = (
			);
			runOnlyForDeploymentPostprocessing = 0;
			shellPath = /bin/sh;
			shellScript = "export WORKON_HOME=$HOME/.virtualenvs\nexport PROJECT_HOME=$HOME/Devel\nsource /usr/local/bin/virtualenvwrapper.sh\nworkon TensorFlow\npython $SRCROOT/test_plugin_images.py logs/test_plugin_images.out.txt\n\n";
		};
		E0C206991DCB2C610002A331 /* Run Script */ = {
			isa = PBXShellScriptBuildPhase;
			buildActionMask = 2147483647;
			files = (
			);
			inputPaths = (
			);
			name = "Run Script";
			outputPaths = (
			);
			runOnlyForDeploymentPostprocessing = 0;
			shellPath = /bin/sh;
			shellScript = "export WORKON_HOME=$HOME/.virtualenvs\nexport PROJECT_HOME=$HOME/Devel\nsource /usr/local/bin/virtualenvwrapper.sh\nworkon TensorFlow\npython $SRCROOT/test_plugin_letter.py logs/test_plugin_letter.out.txt\n\n";
		};
		E0C206A21DCB3C800002A331 /* Run Script */ = {
			isa = PBXShellScriptBuildPhase;
			buildActionMask = 2147483647;
			files = (
			);
			inputPaths = (
			);
			name = "Run Script";
			outputPaths = (
			);
			runOnlyForDeploymentPostprocessing = 0;
			shellPath = /bin/sh;
			shellScript = "export WORKON_HOME=$HOME/.virtualenvs\nexport PROJECT_HOME=$HOME/Devel\nsource /usr/local/bin/virtualenvwrapper.sh\nworkon TensorFlow\npython $SRCROOT/test_plugin_iris.py logs/test_plugin_iris.out.txt\n\n";
		};
/* End PBXShellScriptBuildPhase section */

/* Begin PBXSourcesBuildPhase section */
		E09B48C61DB7639C00333E4F /* Sources */ = {
			isa = PBXSourcesBuildPhase;
			buildActionMask = 2147483647;
			files = (
				E09B48D51DB763A700333E4F /* DENNOp.cpp in Sources */,
			);
			runOnlyForDeploymentPostprocessing = 0;
		};
/* End PBXSourcesBuildPhase section */

/* Begin XCBuildConfiguration section */
		CEF1F3191DDBB134005FE9C7 /* Debug */ = {
			isa = XCBuildConfiguration;
			buildSettings = {
				PRODUCT_NAME = "$(TARGET_NAME)";
				TENSOR_FLOW_PYTHON_PATH = "$(HOME)/.virtualenvs/TensorFlow/lib/python3.5";
			};
			name = Debug;
		};
		CEF1F31A1DDBB134005FE9C7 /* Release */ = {
			isa = XCBuildConfiguration;
			buildSettings = {
				PRODUCT_NAME = "$(TARGET_NAME)";
				TENSOR_FLOW_PYTHON_PATH = "$(HOME)/.virtualenvs/TensorFlow/lib/python3.5";
			};
			name = Release;
		};
		E07026B61DA6836700D0D31B /* Debug */ = {
			isa = XCBuildConfiguration;
			buildSettings = {
				ALWAYS_SEARCH_USER_PATHS = NO;
				CLANG_ANALYZER_NONNULL = YES;
				CLANG_CXX_LANGUAGE_STANDARD = "gnu++0x";
				CLANG_CXX_LIBRARY = "libc++";
				CLANG_ENABLE_MODULES = YES;
				CLANG_ENABLE_OBJC_ARC = YES;
				CLANG_WARN_BOOL_CONVERSION = YES;
				CLANG_WARN_CONSTANT_CONVERSION = YES;
				CLANG_WARN_DIRECT_OBJC_ISA_USAGE = YES_ERROR;
				CLANG_WARN_EMPTY_BODY = YES;
				CLANG_WARN_ENUM_CONVERSION = YES;
				CLANG_WARN_INFINITE_RECURSION = YES;
				CLANG_WARN_INT_CONVERSION = YES;
				CLANG_WARN_OBJC_ROOT_CLASS = YES_ERROR;
				CLANG_WARN_SUSPICIOUS_MOVE = YES;
				CLANG_WARN_UNREACHABLE_CODE = YES;
				CLANG_WARN__DUPLICATE_METHOD_MATCH = YES;
				CODE_SIGN_IDENTITY = "-";
				COPY_PHASE_STRIP = NO;
				DEBUG_INFORMATION_FORMAT = dwarf;
				ENABLE_STRICT_OBJC_MSGSEND = YES;
				ENABLE_TESTABILITY = YES;
				GCC_C_LANGUAGE_STANDARD = gnu99;
				GCC_DYNAMIC_NO_PIC = NO;
				GCC_NO_COMMON_BLOCKS = YES;
				GCC_OPTIMIZATION_LEVEL = 0;
				GCC_PREPROCESSOR_DEFINITIONS = (
					"DEBUG=1",
					"$(inherited)",
				);
				GCC_WARN_64_TO_32_BIT_CONVERSION = YES;
				GCC_WARN_ABOUT_RETURN_TYPE = YES_ERROR;
				GCC_WARN_UNDECLARED_SELECTOR = YES;
				GCC_WARN_UNINITIALIZED_AUTOS = YES_AGGRESSIVE;
				GCC_WARN_UNUSED_FUNCTION = YES;
				GCC_WARN_UNUSED_VARIABLE = YES;
				HEADER_SEARCH_PATHS = "$(TENSOR_FLOW_PYTHON_PATH)/site-packages/tensorflow/include";
				MACOSX_DEPLOYMENT_TARGET = 10.11;
				MTL_ENABLE_DEBUG_INFO = YES;
				ONLY_ACTIVE_ARCH = YES;
				OTHER_CFLAGS = (
					"-D_GLIBCXX_USE_CXX11_ABI=0",
					"-undefined",
					dynamic_lookup,
				);
				OTHER_LDFLAGS = "-fPIC";
				SDKROOT = macosx;
				TENSOR_FLOW_PYTHON_PATH = "$(HOME)/.virtualenvs/TensorFlow/lib/python3.5";
			};
			name = Debug;
		};
		E07026B71DA6836700D0D31B /* Release */ = {
			isa = XCBuildConfiguration;
			buildSettings = {
				ALWAYS_SEARCH_USER_PATHS = NO;
				CLANG_ANALYZER_NONNULL = YES;
				CLANG_CXX_LANGUAGE_STANDARD = "gnu++0x";
				CLANG_CXX_LIBRARY = "libc++";
				CLANG_ENABLE_MODULES = YES;
				CLANG_ENABLE_OBJC_ARC = YES;
				CLANG_WARN_BOOL_CONVERSION = YES;
				CLANG_WARN_CONSTANT_CONVERSION = YES;
				CLANG_WARN_DIRECT_OBJC_ISA_USAGE = YES_ERROR;
				CLANG_WARN_EMPTY_BODY = YES;
				CLANG_WARN_ENUM_CONVERSION = YES;
				CLANG_WARN_INFINITE_RECURSION = YES;
				CLANG_WARN_INT_CONVERSION = YES;
				CLANG_WARN_OBJC_ROOT_CLASS = YES_ERROR;
				CLANG_WARN_SUSPICIOUS_MOVE = YES;
				CLANG_WARN_UNREACHABLE_CODE = YES;
				CLANG_WARN__DUPLICATE_METHOD_MATCH = YES;
				CODE_SIGN_IDENTITY = "-";
				COPY_PHASE_STRIP = NO;
				DEBUG_INFORMATION_FORMAT = "dwarf-with-dsym";
				ENABLE_NS_ASSERTIONS = NO;
				ENABLE_STRICT_OBJC_MSGSEND = YES;
				GCC_C_LANGUAGE_STANDARD = gnu99;
				GCC_NO_COMMON_BLOCKS = YES;
				GCC_WARN_64_TO_32_BIT_CONVERSION = YES;
				GCC_WARN_ABOUT_RETURN_TYPE = YES_ERROR;
				GCC_WARN_UNDECLARED_SELECTOR = YES;
				GCC_WARN_UNINITIALIZED_AUTOS = YES_AGGRESSIVE;
				GCC_WARN_UNUSED_FUNCTION = YES;
				GCC_WARN_UNUSED_VARIABLE = YES;
				HEADER_SEARCH_PATHS = "$(TENSOR_FLOW_PYTHON_PATH)/site-packages/tensorflow/include";
				MACOSX_DEPLOYMENT_TARGET = 10.11;
				MTL_ENABLE_DEBUG_INFO = NO;
				OTHER_CFLAGS = (
					"-D_GLIBCXX_USE_CXX11_ABI=0",
					"-undefined",
					dynamic_lookup,
				);
				OTHER_LDFLAGS = "-fPIC";
				SDKROOT = macosx;
				TENSOR_FLOW_PYTHON_PATH = "$(HOME)/.virtualenvs/TensorFlow/lib/python3.5";
			};
			name = Release;
		};
		E09B48D21DB7639C00333E4F /* Debug */ = {
			isa = XCBuildConfiguration;
			buildSettings = {
				CLANG_WARN_DOCUMENTATION_COMMENTS = YES;
				CLANG_WARN_INFINITE_RECURSION = YES;
				CLANG_WARN_SUSPICIOUS_MOVES = YES;
				DYLIB_COMPATIBILITY_VERSION = 1;
				DYLIB_CURRENT_VERSION = 1;
				EXECUTABLE_PREFIX = lib;
				GCC_ENABLE_CPP_EXCEPTIONS = YES;
				GCC_ENABLE_CPP_RTTI = YES;
				GCC_SYMBOLS_PRIVATE_EXTERN = YES;
				PRODUCT_NAME = "$(TARGET_NAME)";
				TENSOR_FLOW_PYTHON_PATH = "$(HOME)/.virtualenvs/TensorFlow/lib/python3.5";
			};
			name = Debug;
		};
		E09B48D31DB7639C00333E4F /* Release */ = {
			isa = XCBuildConfiguration;
			buildSettings = {
				CLANG_WARN_DOCUMENTATION_COMMENTS = YES;
				CLANG_WARN_INFINITE_RECURSION = YES;
				CLANG_WARN_SUSPICIOUS_MOVES = YES;
				DYLIB_COMPATIBILITY_VERSION = 1;
				DYLIB_CURRENT_VERSION = 1;
				EXECUTABLE_PREFIX = lib;
				GCC_ENABLE_CPP_EXCEPTIONS = YES;
				GCC_ENABLE_CPP_RTTI = YES;
				GCC_SYMBOLS_PRIVATE_EXTERN = YES;
				PRODUCT_NAME = "$(TARGET_NAME)";
				TENSOR_FLOW_PYTHON_PATH = "$(HOME)/.virtualenvs/TensorFlow/lib/python3.5";
			};
			name = Release;
		};
		E0A7C66F1DA6A4FB005D74D0 /* Debug */ = {
			isa = XCBuildConfiguration;
			buildSettings = {
				PRODUCT_NAME = "$(TARGET_NAME)";
				TENSOR_FLOW_PYTHON_PATH = "$(HOME)/.virtualenvs/TensorFlow/lib/python3.5";
			};
			name = Debug;
		};
		E0A7C6701DA6A4FB005D74D0 /* Release */ = {
			isa = XCBuildConfiguration;
			buildSettings = {
				PRODUCT_NAME = "$(TARGET_NAME)";
				TENSOR_FLOW_PYTHON_PATH = "$(HOME)/.virtualenvs/TensorFlow/lib/python3.5";
			};
			name = Release;
		};
		E0C2069B1DCB2C610002A331 /* Debug */ = {
			isa = XCBuildConfiguration;
			buildSettings = {
				PRODUCT_NAME = "$(TARGET_NAME)";
				TENSOR_FLOW_PYTHON_PATH = "$(HOME)/.virtualenvs/TensorFlow/lib/python3.5";
			};
			name = Debug;
		};
		E0C2069C1DCB2C610002A331 /* Release */ = {
			isa = XCBuildConfiguration;
			buildSettings = {
				PRODUCT_NAME = "$(TARGET_NAME)";
				TENSOR_FLOW_PYTHON_PATH = "$(HOME)/.virtualenvs/TensorFlow/lib/python3.5";
			};
			name = Release;
		};
		E0C206A41DCB3C800002A331 /* Debug */ = {
			isa = XCBuildConfiguration;
			buildSettings = {
				PRODUCT_NAME = "$(TARGET_NAME)";
				TENSOR_FLOW_PYTHON_PATH = "$(HOME)/.virtualenvs/TensorFlow/lib/python3.5";
			};
			name = Debug;
		};
		E0C206A51DCB3C800002A331 /* Release */ = {
			isa = XCBuildConfiguration;
			buildSettings = {
				PRODUCT_NAME = "$(TARGET_NAME)";
				TENSOR_FLOW_PYTHON_PATH = "$(HOME)/.virtualenvs/TensorFlow/lib/python3.5";
			};
			name = Release;
		};
		E0E1CCCF1DA68F1E009C4D35 /* Debug */ = {
			isa = XCBuildConfiguration;
			buildSettings = {
				DEBUGGING_SYMBOLS = YES;
				DEBUG_INFORMATION_FORMAT = dwarf;
				GCC_GENERATE_DEBUGGING_SYMBOLS = YES;
				GCC_OPTIMIZATION_LEVEL = 0;
				OTHER_CFLAGS = "";
				OTHER_LDFLAGS = "";
				PRODUCT_NAME = DENNOp_so;
				TENSOR_FLOW_PYTHON_PATH = "$(HOME)/.virtualenvs/TensorFlow/lib/python3.5";
			};
			name = Debug;
		};
		E0E1CCD01DA68F1E009C4D35 /* Release */ = {
			isa = XCBuildConfiguration;
			buildSettings = {
				DEBUG_INFORMATION_FORMAT = "dwarf-with-dsym";
				OTHER_CFLAGS = "";
				OTHER_LDFLAGS = "";
				PRODUCT_NAME = DENNOp_so;
				TENSOR_FLOW_PYTHON_PATH = "$(HOME)/.virtualenvs/TensorFlow/lib/python3.5";
			};
			name = Release;
		};
/* End XCBuildConfiguration section */

/* Begin XCConfigurationList section */
		CEF1F3181DDBB134005FE9C7 /* Build configuration list for PBXAggregateTarget "DENNBenchmark" */ = {
			isa = XCConfigurationList;
			buildConfigurations = (
				CEF1F3191DDBB134005FE9C7 /* Debug */,
				CEF1F31A1DDBB134005FE9C7 /* Release */,
			);
			defaultConfigurationIsVisible = 0;
			defaultConfigurationName = Release;
		};
		E07026AC1DA6836700D0D31B /* Build configuration list for PBXProject "DENNOp" */ = {
			isa = XCConfigurationList;
			buildConfigurations = (
				E07026B61DA6836700D0D31B /* Debug */,
				E07026B71DA6836700D0D31B /* Release */,
			);
			defaultConfigurationIsVisible = 0;
			defaultConfigurationName = Release;
		};
		E09B48D41DB7639C00333E4F /* Build configuration list for PBXNativeTarget "DENNFakeDylib" */ = {
			isa = XCConfigurationList;
			buildConfigurations = (
				E09B48D21DB7639C00333E4F /* Debug */,
				E09B48D31DB7639C00333E4F /* Release */,
			);
			defaultConfigurationIsVisible = 0;
			defaultConfigurationName = Release;
		};
		E0A7C66E1DA6A4FB005D74D0 /* Build configuration list for PBXAggregateTarget "DENNOpRunTestImages" */ = {
			isa = XCConfigurationList;
			buildConfigurations = (
				E0A7C66F1DA6A4FB005D74D0 /* Debug */,
				E0A7C6701DA6A4FB005D74D0 /* Release */,
			);
			defaultConfigurationIsVisible = 0;
			defaultConfigurationName = Release;
		};
		E0C2069A1DCB2C610002A331 /* Build configuration list for PBXAggregateTarget "DENNOpRunTestLetter" */ = {
			isa = XCConfigurationList;
			buildConfigurations = (
				E0C2069B1DCB2C610002A331 /* Debug */,
				E0C2069C1DCB2C610002A331 /* Release */,
			);
			defaultConfigurationIsVisible = 0;
			defaultConfigurationName = Release;
		};
		E0C206A31DCB3C800002A331 /* Build configuration list for PBXAggregateTarget "DENNOpRunTestIris" */ = {
			isa = XCConfigurationList;
			buildConfigurations = (
				E0C206A41DCB3C800002A331 /* Debug */,
				E0C206A51DCB3C800002A331 /* Release */,
			);
			defaultConfigurationIsVisible = 0;
			defaultConfigurationName = Release;
		};
		E0E1CCCE1DA68F1E009C4D35 /* Build configuration list for PBXLegacyTarget "DENNOp" */ = {
			isa = XCConfigurationList;
			buildConfigurations = (
				E0E1CCCF1DA68F1E009C4D35 /* Debug */,
				E0E1CCD01DA68F1E009C4D35 /* Release */,
			);
			defaultConfigurationIsVisible = 0;
			defaultConfigurationName = Release;
		};
/* End XCConfigurationList section */
	};
	rootObject = E07026A91DA6836700D0D31B /* Project object */;
}
